
Microsoft Visual Studio Solution File, Format Version 12.00
# Visual Studio Version 17
VisualStudioVersion = 17.0.31919.166
MinimumVisualStudioVersion = 10.0.40219.1
Project("{9A19103F-16F7-4668-BE54-9A1E7A4F7556}") = "UI", "UI\UI.csproj", "{A89A2F8A-B101-4C5E-B716-48704473F014}"
EndProject
Global
	GlobalSection(SolutionConfigurationPlatforms) = preSolution
		Debug|Any CPU = Debug|Any CPU
		DebugOffline|Any CPU = DebugOffline|Any CPU
		Release|Any CPU = Release|Any CPU
	EndGlobalSection
	GlobalSection(ProjectConfigurationPlatforms) = postSolution
		{A89A2F8A-B101-4C5E-B716-48704473F014}.Debug|Any CPU.ActiveCfg = Debug|Any CPU
		{A89A2F8A-B101-4C5E-B716-48704473F014}.Debug|Any CPU.Build.0 = Debug|Any CPU
		{A89A2F8A-B101-4C5E-B716-48704473F014}.DebugOffline|Any CPU.ActiveCfg = DebugOffline|Any CPU
		{A89A2F8A-B101-4C5E-B716-48704473F014}.DebugOffline|Any CPU.Build.0 = DebugOffline|Any CPU
		{A89A2F8A-B101-4C5E-B716-48704473F014}.Release|Any CPU.ActiveCfg = Release|Any CPU
		{A89A2F8A-B101-4C5E-B716-48704473F014}.Release|Any CPU.Build.0 = Release|Any CPU
	EndGlobalSection
	GlobalSection(SolutionProperties) = preSolution
		HideSolutionNode = FALSE
	EndGlobalSection
	GlobalSection(ExtensibilityGlobals) = postSolution
		SolutionGuid = {5E970A9C-49F1-4A11-A375-499B34FD411E}
	EndGlobalSection
EndGlobal
